
Microsoft Visual Studio Solution File, Format Version 12.00
# Visual Studio 15
VisualStudioVersion = 15.0.27130.2036
MinimumVisualStudioVersion = 10.0.40219.1
Project("{9A19103F-16F7-4668-BE54-9A1E7A4F7556}") = "SoundMetrics.Aris.Headers", "SoundMetrics.Aris.Headers\SoundMetrics.Aris.Headers.csproj", "{D681A885-4955-420E-94B9-5F3613549D75}"
EndProject
Project("{9A19103F-16F7-4668-BE54-9A1E7A4F7556}") = "SoundMetrics.Aris.Files", "SoundMetrics.Aris.Files\SoundMetrics.Aris.Files.csproj", "{AA0D17C8-9523-434B-854D-8EB642D6A173}"
EndProject
Project("{9A19103F-16F7-4668-BE54-9A1E7A4F7556}") = "SoundMetrics.Aris.Files.Tests", "SoundMetrics.Aris.Files.Tests\SoundMetrics.Aris.Files.Tests.csproj", "{1661BA98-015B-426D-A34E-A653A00BCF45}"
EndProject
Project("{2150E333-8FDC-42A3-9474-1A3956D46DE8}") = "Solution Items", "Solution Items", "{B1CCFC69-85D2-4815-940B-0F97F65E36D3}"
	ProjectSection(SolutionItems) = preProject
		build-packages.cmd = build-packages.cmd
		README.md = README.md
		ver.file-utility-code.txt = ver.file-utility-code.txt
	EndProjectSection
EndProject
Project("{9A19103F-16F7-4668-BE54-9A1E7A4F7556}") = "CheckArisFile.Core", "CheckArisFile.Core\CheckArisFile.Core.csproj", "{F963DD14-3680-42D7-BDE7-9A468A0A4C7E}"
EndProject
Project("{9A19103F-16F7-4668-BE54-9A1E7A4F7556}") = "CheckArisFile", "CheckArisFile\CheckArisFile.csproj", "{34AD44DD-9B16-48D3-A9C7-8F24727ACDF4}"
EndProject
Project("{9A19103F-16F7-4668-BE54-9A1E7A4F7556}") = "CheckArisFile.Core.Tests", "CheckArisFile.Core.Tests\CheckArisFile.Core.Tests.csproj", "{E4193153-7155-4D95-82CC-5786B6A55255}"
EndProject
Global
	GlobalSection(SolutionConfigurationPlatforms) = preSolution
		Debug|Any CPU = Debug|Any CPU
		Release|Any CPU = Release|Any CPU
	EndGlobalSection
	GlobalSection(ProjectConfigurationPlatforms) = postSolution
		{D681A885-4955-420E-94B9-5F3613549D75}.Debug|Any CPU.ActiveCfg = Debug|Any CPU
		{D681A885-4955-420E-94B9-5F3613549D75}.Debug|Any CPU.Build.0 = Debug|Any CPU
		{D681A885-4955-420E-94B9-5F3613549D75}.Release|Any CPU.ActiveCfg = Release|Any CPU
		{D681A885-4955-420E-94B9-5F3613549D75}.Release|Any CPU.Build.0 = Release|Any CPU
		{AA0D17C8-9523-434B-854D-8EB642D6A173}.Debug|Any CPU.ActiveCfg = Debug|Any CPU
		{AA0D17C8-9523-434B-854D-8EB642D6A173}.Debug|Any CPU.Build.0 = Debug|Any CPU
		{AA0D17C8-9523-434B-854D-8EB642D6A173}.Release|Any CPU.ActiveCfg = Release|Any CPU
		{AA0D17C8-9523-434B-854D-8EB642D6A173}.Release|Any CPU.Build.0 = Release|Any CPU
		{1661BA98-015B-426D-A34E-A653A00BCF45}.Debug|Any CPU.ActiveCfg = Debug|Any CPU
		{1661BA98-015B-426D-A34E-A653A00BCF45}.Debug|Any CPU.Build.0 = Debug|Any CPU
		{1661BA98-015B-426D-A34E-A653A00BCF45}.Release|Any CPU.ActiveCfg = Release|Any CPU
		{1661BA98-015B-426D-A34E-A653A00BCF45}.Release|Any CPU.Build.0 = Release|Any CPU
		{F963DD14-3680-42D7-BDE7-9A468A0A4C7E}.Debug|Any CPU.ActiveCfg = Debug|Any CPU
		{F963DD14-3680-42D7-BDE7-9A468A0A4C7E}.Debug|Any CPU.Build.0 = Debug|Any CPU
		{F963DD14-3680-42D7-BDE7-9A468A0A4C7E}.Release|Any CPU.ActiveCfg = Release|Any CPU
		{F963DD14-3680-42D7-BDE7-9A468A0A4C7E}.Release|Any CPU.Build.0 = Release|Any CPU
		{34AD44DD-9B16-48D3-A9C7-8F24727ACDF4}.Debug|Any CPU.ActiveCfg = Debug|Any CPU
		{34AD44DD-9B16-48D3-A9C7-8F24727ACDF4}.Debug|Any CPU.Build.0 = Debug|Any CPU
		{34AD44DD-9B16-48D3-A9C7-8F24727ACDF4}.Release|Any CPU.ActiveCfg = Release|Any CPU
		{34AD44DD-9B16-48D3-A9C7-8F24727ACDF4}.Release|Any CPU.Build.0 = Release|Any CPU
		{E4193153-7155-4D95-82CC-5786B6A55255}.Debug|Any CPU.ActiveCfg = Debug|Any CPU
		{E4193153-7155-4D95-82CC-5786B6A55255}.Debug|Any CPU.Build.0 = Debug|Any CPU
		{E4193153-7155-4D95-82CC-5786B6A55255}.Release|Any CPU.ActiveCfg = Release|Any CPU
		{E4193153-7155-4D95-82CC-5786B6A55255}.Release|Any CPU.Build.0 = Release|Any CPU
	EndGlobalSection
	GlobalSection(SolutionProperties) = preSolution
		HideSolutionNode = FALSE
	EndGlobalSection
	GlobalSection(ExtensibilityGlobals) = postSolution
		SolutionGuid = {EFAC0E0E-5646-4B37-B3E4-8C4E0B52EE9A}
	EndGlobalSection
EndGlobal
